
Microsoft Visual Studio Solution File, Format Version 12.00
# Visual Studio Version 17
VisualStudioVersion = 17.3.32819.101
MinimumVisualStudioVersion = 10.0.40219.1
Project("{9A19103F-16F7-4668-BE54-9A1E7A4F7556}") = "ControleEstacionamento", "LifeShare\ControleEstacionamento.csproj", "{C875624D-4712-4346-B53F-50BD0C01F871}"
EndProject
Global
	GlobalSection(SolutionConfigurationPlatforms) = preSolution
		Debug|Any CPU = Debug|Any CPU
		Release|Any CPU = Release|Any CPU
	EndGlobalSection
	GlobalSection(ProjectConfigurationPlatforms) = postSolution
		{C875624D-4712-4346-B53F-50BD0C01F871}.Debug|Any CPU.ActiveCfg = Debug|Any CPU
		{C875624D-4712-4346-B53F-50BD0C01F871}.Debug|Any CPU.Build.0 = Debug|Any CPU
		{C875624D-4712-4346-B53F-50BD0C01F871}.Release|Any CPU.ActiveCfg = Release|Any CPU
		{C875624D-4712-4346-B53F-50BD0C01F871}.Release|Any CPU.Build.0 = Release|Any CPU
	EndGlobalSection
	GlobalSection(SolutionProperties) = preSolution
		HideSolutionNode = FALSE
	EndGlobalSection
	GlobalSection(ExtensibilityGlobals) = postSolution
		SolutionGuid = {507E45B1-09FD-4F98-81F0-8DCFFFDC4319}
	EndGlobalSection
EndGlobal
